
Microsoft Visual Studio Solution File, Format Version 12.00
# Visual Studio Version 16
VisualStudioVersion = 16.0.29709.97
MinimumVisualStudioVersion = 10.0.40219.1
Project("{9A19103F-16F7-4668-BE54-9A1E7A4F7556}") = "CollectionExamples", "CollectionExamples\CollectionExamples.csproj", "{6B14BF4F-DC38-4329-B8C9-32EFC80CD7AF}"
EndProject
Project("{9A19103F-16F7-4668-BE54-9A1E7A4F7556}") = "ConcurrentExamples", "ConcurrentExamples\ConcurrentExamples.csproj", "{C70F0C8A-FAF1-405D-AD7F-BB85C0F3BE6B}"
EndProject
Project("{9A19103F-16F7-4668-BE54-9A1E7A4F7556}") = "GenericExamples", "GenericExamples\GenericExamples.csproj", "{BCB1896E-7046-4CE4-B072-1428B9962B4A}"
EndProject
Project("{9A19103F-16F7-4668-BE54-9A1E7A4F7556}") = "Specialized", "Specialized\Specialized.csproj", "{EA0FBB2C-3E3F-411F-9EC0-836AAA43AB0F}"
EndProject
Project("{9A19103F-16F7-4668-BE54-9A1E7A4F7556}") = "ObjectModelExamples", "ObjectModelExamples\ObjectModelExamples.csproj", "{B6B89007-51AA-4445-9824-953649B8E0EA}"
EndProject
Project("{9A19103F-16F7-4668-BE54-9A1E7A4F7556}") = "ComparisionDelegates", "Delegates\ComparisionDelegates.csproj", "{6B6E60B3-1260-4717-A7E2-8B163DC20D86}"
EndProject
Project("{9A19103F-16F7-4668-BE54-9A1E7A4F7556}") = "BasicDelegate", "BasicDelegate\BasicDelegate.csproj", "{A0E84E18-81DF-4773-98C9-B062FDEBF904}"
EndProject
Project("{FAE04EC0-301F-11D3-BF4B-00C04F79EFBC}") = "ExceptionHandling", "ExceptionHandling\ExceptionHandling.csproj", "{8DC17935-BB94-43F8-9FE4-CF3A153FE463}"
EndProject
Global
	GlobalSection(SolutionConfigurationPlatforms) = preSolution
		Debug|Any CPU = Debug|Any CPU
		Release|Any CPU = Release|Any CPU
	EndGlobalSection
	GlobalSection(ProjectConfigurationPlatforms) = postSolution
		{6B14BF4F-DC38-4329-B8C9-32EFC80CD7AF}.Debug|Any CPU.ActiveCfg = Debug|Any CPU
		{6B14BF4F-DC38-4329-B8C9-32EFC80CD7AF}.Debug|Any CPU.Build.0 = Debug|Any CPU
		{6B14BF4F-DC38-4329-B8C9-32EFC80CD7AF}.Release|Any CPU.ActiveCfg = Release|Any CPU
		{6B14BF4F-DC38-4329-B8C9-32EFC80CD7AF}.Release|Any CPU.Build.0 = Release|Any CPU
		{C70F0C8A-FAF1-405D-AD7F-BB85C0F3BE6B}.Debug|Any CPU.ActiveCfg = Debug|Any CPU
		{C70F0C8A-FAF1-405D-AD7F-BB85C0F3BE6B}.Debug|Any CPU.Build.0 = Debug|Any CPU
		{C70F0C8A-FAF1-405D-AD7F-BB85C0F3BE6B}.Release|Any CPU.ActiveCfg = Release|Any CPU
		{C70F0C8A-FAF1-405D-AD7F-BB85C0F3BE6B}.Release|Any CPU.Build.0 = Release|Any CPU
		{BCB1896E-7046-4CE4-B072-1428B9962B4A}.Debug|Any CPU.ActiveCfg = Debug|Any CPU
		{BCB1896E-7046-4CE4-B072-1428B9962B4A}.Debug|Any CPU.Build.0 = Debug|Any CPU
		{BCB1896E-7046-4CE4-B072-1428B9962B4A}.Release|Any CPU.ActiveCfg = Release|Any CPU
		{BCB1896E-7046-4CE4-B072-1428B9962B4A}.Release|Any CPU.Build.0 = Release|Any CPU
		{EA0FBB2C-3E3F-411F-9EC0-836AAA43AB0F}.Debug|Any CPU.ActiveCfg = Debug|Any CPU
		{EA0FBB2C-3E3F-411F-9EC0-836AAA43AB0F}.Debug|Any CPU.Build.0 = Debug|Any CPU
		{EA0FBB2C-3E3F-411F-9EC0-836AAA43AB0F}.Release|Any CPU.ActiveCfg = Release|Any CPU
		{EA0FBB2C-3E3F-411F-9EC0-836AAA43AB0F}.Release|Any CPU.Build.0 = Release|Any CPU
		{B6B89007-51AA-4445-9824-953649B8E0EA}.Debug|Any CPU.ActiveCfg = Debug|Any CPU
		{B6B89007-51AA-4445-9824-953649B8E0EA}.Debug|Any CPU.Build.0 = Debug|Any CPU
		{B6B89007-51AA-4445-9824-953649B8E0EA}.Release|Any CPU.ActiveCfg = Release|Any CPU
		{B6B89007-51AA-4445-9824-953649B8E0EA}.Release|Any CPU.Build.0 = Release|Any CPU
		{6B6E60B3-1260-4717-A7E2-8B163DC20D86}.Debug|Any CPU.ActiveCfg = Debug|Any CPU
		{6B6E60B3-1260-4717-A7E2-8B163DC20D86}.Debug|Any CPU.Build.0 = Debug|Any CPU
		{6B6E60B3-1260-4717-A7E2-8B163DC20D86}.Release|Any CPU.ActiveCfg = Release|Any CPU
		{6B6E60B3-1260-4717-A7E2-8B163DC20D86}.Release|Any CPU.Build.0 = Release|Any CPU
		{A0E84E18-81DF-4773-98C9-B062FDEBF904}.Debug|Any CPU.ActiveCfg = Debug|Any CPU
		{A0E84E18-81DF-4773-98C9-B062FDEBF904}.Debug|Any CPU.Build.0 = Debug|Any CPU
		{A0E84E18-81DF-4773-98C9-B062FDEBF904}.Release|Any CPU.ActiveCfg = Release|Any CPU
		{A0E84E18-81DF-4773-98C9-B062FDEBF904}.Release|Any CPU.Build.0 = Release|Any CPU
		{8DC17935-BB94-43F8-9FE4-CF3A153FE463}.Debug|Any CPU.ActiveCfg = Debug|Any CPU
		{8DC17935-BB94-43F8-9FE4-CF3A153FE463}.Debug|Any CPU.Build.0 = Debug|Any CPU
		{8DC17935-BB94-43F8-9FE4-CF3A153FE463}.Release|Any CPU.ActiveCfg = Release|Any CPU
		{8DC17935-BB94-43F8-9FE4-CF3A153FE463}.Release|Any CPU.Build.0 = Release|Any CPU
	EndGlobalSection
	GlobalSection(SolutionProperties) = preSolution
		HideSolutionNode = FALSE
	EndGlobalSection
	GlobalSection(ExtensibilityGlobals) = postSolution
		SolutionGuid = {8ABE6B7E-516A-44B3-8614-45F10DDE399D}
	EndGlobalSection
EndGlobal
